
Microsoft Visual Studio Solution File, Format Version 12.00
# Visual Studio Version 17
VisualStudioVersion = 17.14.36518.9 d17.14
MinimumVisualStudioVersion = 10.0.40219.1
Project("{8BC9CEB8-8B4A-11D0-8D11-00A0C91BC942}") = "QTProjectAppli_7ecompagnie", "QTProjectAppli_7ecompagnie\QTProjectAppli_7ecompagnie.vcxproj", "{09616A56-9DF9-44D8-B015-46D712AC0CC4}"
EndProject
Global
	GlobalSection(SolutionConfigurationPlatforms) = preSolution
		Debug|x64 = Debug|x64
		Release|x64 = Release|x64
	EndGlobalSection
	GlobalSection(ProjectConfigurationPlatforms) = postSolution
		{09616A56-9DF9-44D8-B015-46D712AC0CC4}.Debug|x64.ActiveCfg = Debug|x64
		{09616A56-9DF9-44D8-B015-46D712AC0CC4}.Debug|x64.Build.0 = Debug|x64
		{09616A56-9DF9-44D8-B015-46D712AC0CC4}.Release|x64.ActiveCfg = Release|x64
		{09616A56-9DF9-44D8-B015-46D712AC0CC4}.Release|x64.Build.0 = Release|x64
	EndGlobalSection
	GlobalSection(SolutionProperties) = preSolution
		HideSolutionNode = FALSE
	EndGlobalSection
	GlobalSection(ExtensibilityGlobals) = postSolution
		SolutionGuid = {F9809004-6B23-4F96-B77C-6C8406A40DEB}
	EndGlobalSection
EndGlobal
